
Microsoft Visual Studio Solution File, Format Version 12.00
# Visual Studio Version 16
VisualStudioVersion = 16.6.30114.105
MinimumVisualStudioVersion = 10.0.40219.1
Project("{FAE04EC0-301F-11D3-BF4B-00C04F79EFBC}") = "API", "API\API.csproj", "{07112E8D-4C34-43AC-9C21-524F46A4C30B}"
EndProject
Project("{FAE04EC0-301F-11D3-BF4B-00C04F79EFBC}") = "Application", "Application\Application.csproj", "{18495050-C609-4BE8-99B8-8F845EE6CE36}"
EndProject
Project("{FAE04EC0-301F-11D3-BF4B-00C04F79EFBC}") = "Persistence", "Persistence\Persistence.csproj", "{7CBD63A5-9D85-42F4-9358-CE0B86464DDF}"
EndProject
Project("{FAE04EC0-301F-11D3-BF4B-00C04F79EFBC}") = "Domain", "Domain\Domain.csproj", "{D8ACAA20-8345-4B3E-AA99-B543EE4D0C7E}"
EndProject
Global
	GlobalSection(SolutionConfigurationPlatforms) = preSolution
		Debug|Any CPU = Debug|Any CPU
		Debug|x64 = Debug|x64
		Debug|x86 = Debug|x86
		Release|Any CPU = Release|Any CPU
		Release|x64 = Release|x64
		Release|x86 = Release|x86
	EndGlobalSection
	GlobalSection(SolutionProperties) = preSolution
		HideSolutionNode = FALSE
	EndGlobalSection
	GlobalSection(ProjectConfigurationPlatforms) = postSolution
		{07112E8D-4C34-43AC-9C21-524F46A4C30B}.Debug|Any CPU.ActiveCfg = Debug|Any CPU
		{07112E8D-4C34-43AC-9C21-524F46A4C30B}.Debug|Any CPU.Build.0 = Debug|Any CPU
		{07112E8D-4C34-43AC-9C21-524F46A4C30B}.Debug|x64.ActiveCfg = Debug|Any CPU
		{07112E8D-4C34-43AC-9C21-524F46A4C30B}.Debug|x64.Build.0 = Debug|Any CPU
		{07112E8D-4C34-43AC-9C21-524F46A4C30B}.Debug|x86.ActiveCfg = Debug|Any CPU
		{07112E8D-4C34-43AC-9C21-524F46A4C30B}.Debug|x86.Build.0 = Debug|Any CPU
		{07112E8D-4C34-43AC-9C21-524F46A4C30B}.Release|Any CPU.ActiveCfg = Release|Any CPU
		{07112E8D-4C34-43AC-9C21-524F46A4C30B}.Release|Any CPU.Build.0 = Release|Any CPU
		{07112E8D-4C34-43AC-9C21-524F46A4C30B}.Release|x64.ActiveCfg = Release|Any CPU
		{07112E8D-4C34-43AC-9C21-524F46A4C30B}.Release|x64.Build.0 = Release|Any CPU
		{07112E8D-4C34-43AC-9C21-524F46A4C30B}.Release|x86.ActiveCfg = Release|Any CPU
		{07112E8D-4C34-43AC-9C21-524F46A4C30B}.Release|x86.Build.0 = Release|Any CPU
		{18495050-C609-4BE8-99B8-8F845EE6CE36}.Debug|Any CPU.ActiveCfg = Debug|Any CPU
		{18495050-C609-4BE8-99B8-8F845EE6CE36}.Debug|Any CPU.Build.0 = Debug|Any CPU
		{18495050-C609-4BE8-99B8-8F845EE6CE36}.Debug|x64.ActiveCfg = Debug|Any CPU
		{18495050-C609-4BE8-99B8-8F845EE6CE36}.Debug|x64.Build.0 = Debug|Any CPU
		{18495050-C609-4BE8-99B8-8F845EE6CE36}.Debug|x86.ActiveCfg = Debug|Any CPU
		{18495050-C609-4BE8-99B8-8F845EE6CE36}.Debug|x86.Build.0 = Debug|Any CPU
		{18495050-C609-4BE8-99B8-8F845EE6CE36}.Release|Any CPU.ActiveCfg = Release|Any CPU
		{18495050-C609-4BE8-99B8-8F845EE6CE36}.Release|Any CPU.Build.0 = Release|Any CPU
		{18495050-C609-4BE8-99B8-8F845EE6CE36}.Release|x64.ActiveCfg = Release|Any CPU
		{18495050-C609-4BE8-99B8-8F845EE6CE36}.Release|x64.Build.0 = Release|Any CPU
		{18495050-C609-4BE8-99B8-8F845EE6CE36}.Release|x86.ActiveCfg = Release|Any CPU
		{18495050-C609-4BE8-99B8-8F845EE6CE36}.Release|x86.Build.0 = Release|Any CPU
		{7CBD63A5-9D85-42F4-9358-CE0B86464DDF}.Debug|Any CPU.ActiveCfg = Debug|Any CPU
		{7CBD63A5-9D85-42F4-9358-CE0B86464DDF}.Debug|Any CPU.Build.0 = Debug|Any CPU
		{7CBD63A5-9D85-42F4-9358-CE0B86464DDF}.Debug|x64.ActiveCfg = Debug|Any CPU
		{7CBD63A5-9D85-42F4-9358-CE0B86464DDF}.Debug|x64.Build.0 = Debug|Any CPU
		{7CBD63A5-9D85-42F4-9358-CE0B86464DDF}.Debug|x86.ActiveCfg = Debug|Any CPU
		{7CBD63A5-9D85-42F4-9358-CE0B86464DDF}.Debug|x86.Build.0 = Debug|Any CPU
		{7CBD63A5-9D85-42F4-9358-CE0B86464DDF}.Release|Any CPU.ActiveCfg = Release|Any CPU
		{7CBD63A5-9D85-42F4-9358-CE0B86464DDF}.Release|Any CPU.Build.0 = Release|Any CPU
		{7CBD63A5-9D85-42F4-9358-CE0B86464DDF}.Release|x64.ActiveCfg = Release|Any CPU
		{7CBD63A5-9D85-42F4-9358-CE0B86464DDF}.Release|x64.Build.0 = Release|Any CPU
		{7CBD63A5-9D85-42F4-9358-CE0B86464DDF}.Release|x86.ActiveCfg = Release|Any CPU
		{7CBD63A5-9D85-42F4-9358-CE0B86464DDF}.Release|x86.Build.0 = Release|Any CPU
		{D8ACAA20-8345-4B3E-AA99-B543EE4D0C7E}.Debug|Any CPU.ActiveCfg = Debug|Any CPU
		{D8ACAA20-8345-4B3E-AA99-B543EE4D0C7E}.Debug|Any CPU.Build.0 = Debug|Any CPU
		{D8ACAA20-8345-4B3E-AA99-B543EE4D0C7E}.Debug|x64.ActiveCfg = Debug|Any CPU
		{D8ACAA20-8345-4B3E-AA99-B543EE4D0C7E}.Debug|x64.Build.0 = Debug|Any CPU
		{D8ACAA20-8345-4B3E-AA99-B543EE4D0C7E}.Debug|x86.ActiveCfg = Debug|Any CPU
		{D8ACAA20-8345-4B3E-AA99-B543EE4D0C7E}.Debug|x86.Build.0 = Debug|Any CPU
		{D8ACAA20-8345-4B3E-AA99-B543EE4D0C7E}.Release|Any CPU.ActiveCfg = Release|Any CPU
		{D8ACAA20-8345-4B3E-AA99-B543EE4D0C7E}.Release|Any CPU.Build.0 = Release|Any CPU
		{D8ACAA20-8345-4B3E-AA99-B543EE4D0C7E}.Release|x64.ActiveCfg = Release|Any CPU
		{D8ACAA20-8345-4B3E-AA99-B543EE4D0C7E}.Release|x64.Build.0 = Release|Any CPU
		{D8ACAA20-8345-4B3E-AA99-B543EE4D0C7E}.Release|x86.ActiveCfg = Release|Any CPU
		{D8ACAA20-8345-4B3E-AA99-B543EE4D0C7E}.Release|x86.Build.0 = Release|Any CPU
	EndGlobalSection
EndGlobal
